
Microsoft Visual Studio Solution File, Format Version 12.00
# Visual Studio 15
VisualStudioVersion = 15.0.27004.2010
MinimumVisualStudioVersion = 10.0.40219.1
Project("{8BC9CEB8-8B4A-11D0-8D11-00A0C91BC942}") = "Dershlibob", "Dershlibob\Dershlibob.vcxproj", "{3C659BF9-A0DD-47FC-9421-1B4CE7E1A210}"
EndProject
Project("{8BC9CEB8-8B4A-11D0-8D11-00A0C91BC942}") = "Sandbox", "Sandbox\Sandbox.vcxproj", "{4067A9F1-F3DB-4B12-BDBB-8C7D315B8F75}"
EndProject
Global
	GlobalSection(SolutionConfigurationPlatforms) = preSolution
		Debug|x64 = Debug|x64
		Debug|x86 = Debug|x86
		Release|x64 = Release|x64
		Release|x86 = Release|x86
	EndGlobalSection
	GlobalSection(ProjectConfigurationPlatforms) = postSolution
		{3C659BF9-A0DD-47FC-9421-1B4CE7E1A210}.Debug|x64.ActiveCfg = Debug|x64
		{3C659BF9-A0DD-47FC-9421-1B4CE7E1A210}.Debug|x64.Build.0 = Debug|x64
		{3C659BF9-A0DD-47FC-9421-1B4CE7E1A210}.Debug|x86.ActiveCfg = Debug|Win32
		{3C659BF9-A0DD-47FC-9421-1B4CE7E1A210}.Debug|x86.Build.0 = Debug|Win32
		{3C659BF9-A0DD-47FC-9421-1B4CE7E1A210}.Release|x64.ActiveCfg = Release|x64
		{3C659BF9-A0DD-47FC-9421-1B4CE7E1A210}.Release|x64.Build.0 = Release|x64
		{3C659BF9-A0DD-47FC-9421-1B4CE7E1A210}.Release|x86.ActiveCfg = Release|Win32
		{3C659BF9-A0DD-47FC-9421-1B4CE7E1A210}.Release|x86.Build.0 = Release|Win32
		{4067A9F1-F3DB-4B12-BDBB-8C7D315B8F75}.Debug|x64.ActiveCfg = Debug|x64
		{4067A9F1-F3DB-4B12-BDBB-8C7D315B8F75}.Debug|x64.Build.0 = Debug|x64
		{4067A9F1-F3DB-4B12-BDBB-8C7D315B8F75}.Debug|x86.ActiveCfg = Debug|Win32
		{4067A9F1-F3DB-4B12-BDBB-8C7D315B8F75}.Debug|x86.Build.0 = Debug|Win32
		{4067A9F1-F3DB-4B12-BDBB-8C7D315B8F75}.Release|x64.ActiveCfg = Release|x64
		{4067A9F1-F3DB-4B12-BDBB-8C7D315B8F75}.Release|x64.Build.0 = Release|x64
		{4067A9F1-F3DB-4B12-BDBB-8C7D315B8F75}.Release|x86.ActiveCfg = Release|Win32
		{4067A9F1-F3DB-4B12-BDBB-8C7D315B8F75}.Release|x86.Build.0 = Release|Win32
	EndGlobalSection
	GlobalSection(SolutionProperties) = preSolution
		HideSolutionNode = FALSE
	EndGlobalSection
	GlobalSection(ExtensibilityGlobals) = postSolution
		SolutionGuid = {62005E35-8A08-4126-A5B4-AF9BA4B7420D}
	EndGlobalSection
EndGlobal
